// !$*UTF8*$!
{
	archiveVersion = 1;
	classes = {
	};
	objectVersion = 56;
	objects = {

/* Begin PBXBuildFile section */
		700B7D9C29803714004224D2 /* NotelyApp.swift in Sources */ = {isa = PBXBuildFile; fileRef = 700B7D9B29803714004224D2 /* NotelyApp.swift */; };
		700B7D9E29803714004224D2 /* ContentView.swift in Sources */ = {isa = PBXBuildFile; fileRef = 700B7D9D29803714004224D2 /* ContentView.swift */; };
		700B7DA02980371A004224D2 /* Assets.xcassets in Resources */ = {isa = PBXBuildFile; fileRef = 700B7D9F2980371A004224D2 /* Assets.xcassets */; };
		700B7DA32980371A004224D2 /* Preview Assets.xcassets in Resources */ = {isa = PBXBuildFile; fileRef = 700B7DA22980371A004224D2 /* Preview Assets.xcassets */; };
		700B7DA52980371A004224D2 /* Persistence.swift in Sources */ = {isa = PBXBuildFile; fileRef = 700B7DA42980371A004224D2 /* Persistence.swift */; };
		700B7DA82980371A004224D2 /* Notely.xcdatamodeld in Sources */ = {isa = PBXBuildFile; fileRef = 700B7DA62980371A004224D2 /* Notely.xcdatamodeld */; };
		700B7DB22980371B004224D2 /* NotelyTests.swift in Sources */ = {isa = PBXBuildFile; fileRef = 700B7DB12980371B004224D2 /* NotelyTests.swift */; };
		700B7DBC2980371B004224D2 /* NotelyUITests.swift in Sources */ = {isa = PBXBuildFile; fileRef = 700B7DBB2980371B004224D2 /* NotelyUITests.swift */; };
		700B7DBE2980371B004224D2 /* NotelyUITestsLaunchTests.swift in Sources */ = {isa = PBXBuildFile; fileRef = 700B7DBD2980371B004224D2 /* NotelyUITestsLaunchTests.swift */; };
/* End PBXBuildFile section */

/* Begin PBXContainerItemProxy section */
		700B7DAE2980371B004224D2 /* PBXContainerItemProxy */ = {
			isa = PBXContainerItemProxy;
			containerPortal = 700B7D9029803714004224D2 /* Project object */;
			proxyType = 1;
			remoteGlobalIDString = 700B7D9729803714004224D2;
			remoteInfo = Notely;
		};
		700B7DB82980371B004224D2 /* PBXContainerItemProxy */ = {
			isa = PBXContainerItemProxy;
			containerPortal = 700B7D9029803714004224D2 /* Project object */;
			proxyType = 1;
			remoteGlobalIDString = 700B7D9729803714004224D2;
			remoteInfo = Notely;
		};
/* End PBXContainerItemProxy section */

/* Begin PBXFileReference section */
		700B7D9829803714004224D2 /* Notely.app */ = {isa = PBXFileReference; explicitFileType = wrapper.application; includeInIndex = 0; path = Notely.app; sourceTree = BUILT_PRODUCTS_DIR; };
		700B7D9B29803714004224D2 /* NotelyApp.swift */ = {isa = PBXFileReference; lastKnownFileType = sourcecode.swift; path = NotelyApp.swift; sourceTree = "<group>"; };
		700B7D9D29803714004224D2 /* ContentView.swift */ = {isa = PBXFileReference; lastKnownFileType = sourcecode.swift; path = ContentView.swift; sourceTree = "<group>"; };
		700B7D9F2980371A004224D2 /* Assets.xcassets */ = {isa = PBXFileReference; lastKnownFileType = folder.assetcatalog; path = Assets.xcassets; sourceTree = "<group>"; };
		700B7DA22980371A004224D2 /* Preview Assets.xcassets */ = {isa = PBXFileReference; lastKnownFileType = folder.assetcatalog; path = "Preview Assets.xcassets"; sourceTree = "<group>"; };
		700B7DA42980371A004224D2 /* Persistence.swift */ = {isa = PBXFileReference; lastKnownFileType = sourcecode.swift; path = Persistence.swift; sourceTree = "<group>"; };
		700B7DA72980371A004224D2 /* Notely.xcdatamodel */ = {isa = PBXFileReference; lastKnownFileType = wrapper.xcdatamodel; path = Notely.xcdatamodel; sourceTree = "<group>"; };
		700B7DAD2980371B004224D2 /* NotelyTests.xctest */ = {isa = PBXFileReference; explicitFileType = wrapper.cfbundle; includeInIndex = 0; path = NotelyTests.xctest; sourceTree = BUILT_PRODUCTS_DIR; };
		700B7DB12980371B004224D2 /* NotelyTests.swift */ = {isa = PBXFileReference; lastKnownFileType = sourcecode.swift; path = NotelyTests.swift; sourceTree = "<group>"; };
		700B7DB72980371B004224D2 /* NotelyUITests.xctest */ = {isa = PBXFileReference; explicitFileType = wrapper.cfbundle; includeInIndex = 0; path = NotelyUITests.xctest; sourceTree = BUILT_PRODUCTS_DIR; };
		700B7DBB2980371B004224D2 /* NotelyUITests.swift */ = {isa = PBXFileReference; lastKnownFileType = sourcecode.swift; path = NotelyUITests.swift; sourceTree = "<group>"; };
		700B7DBD2980371B004224D2 /* NotelyUITestsLaunchTests.swift */ = {isa = PBXFileReference; lastKnownFileType = sourcecode.swift; path = NotelyUITestsLaunchTests.swift; sourceTree = "<group>"; };
/* End PBXFileReference section */

/* Begin PBXFrameworksBuildPhase section */
		700B7D9529803714004224D2 /* Frameworks */ = {
			isa = PBXFrameworksBuildPhase;
			buildActionMask = 2147483647;
			files = (
			);
			runOnlyForDeploymentPostprocessing = 0;
		};
		700B7DAA2980371B004224D2 /* Frameworks */ = {
			isa = PBXFrameworksBuildPhase;
			buildActionMask = 2147483647;
			files = (
			);
			runOnlyForDeploymentPostprocessing = 0;
		};
		700B7DB42980371B004224D2 /* Frameworks */ = {
			isa = PBXFrameworksBuildPhase;
			buildActionMask = 2147483647;
			files = (
			);
			runOnlyForDeploymentPostprocessing = 0;
		};
/* End PBXFrameworksBuildPhase section */

/* Begin PBXGroup section */
		700B7D8F29803714004224D2 = {
			isa = PBXGroup;
			children = (
				700B7D9A29803714004224D2 /* Notely */,
				700B7DB02980371B004224D2 /* NotelyTests */,
				700B7DBA2980371B004224D2 /* NotelyUITests */,
				700B7D9929803714004224D2 /* Products */,
			);
			sourceTree = "<group>";
		};
		700B7D9929803714004224D2 /* Products */ = {
			isa = PBXGroup;
			children = (
				700B7D9829803714004224D2 /* Notely.app */,
				700B7DAD2980371B004224D2 /* NotelyTests.xctest */,
				700B7DB72980371B004224D2 /* NotelyUITests.xctest */,
			);
			name = Products;
			sourceTree = "<group>";
		};
		700B7D9A29803714004224D2 /* Notely */ = {
			isa = PBXGroup;
			children = (
				700B7D9B29803714004224D2 /* NotelyApp.swift */,
				700B7D9D29803714004224D2 /* ContentView.swift */,
				700B7D9F2980371A004224D2 /* Assets.xcassets */,
				700B7DA42980371A004224D2 /* Persistence.swift */,
				700B7DA62980371A004224D2 /* Notely.xcdatamodeld */,
				700B7DA12980371A004224D2 /* Preview Content */,
			);
			path = Notely;
			sourceTree = "<group>";
		};
		700B7DA12980371A004224D2 /* Preview Content */ = {
			isa = PBXGroup;
			children = (
				700B7DA22980371A004224D2 /* Preview Assets.xcassets */,
			);
			path = "Preview Content";
			sourceTree = "<group>";
		};
		700B7DB02980371B004224D2 /* NotelyTests */ = {
			isa = PBXGroup;
			children = (
				700B7DB12980371B004224D2 /* NotelyTests.swift */,
			);
			path = NotelyTests;
			sourceTree = "<group>";
		};
		700B7DBA2980371B004224D2 /* NotelyUITests */ = {
			isa = PBXGroup;
			children = (
				700B7DBB2980371B004224D2 /* NotelyUITests.swift */,
				700B7DBD2980371B004224D2 /* NotelyUITestsLaunchTests.swift */,
			);
			path = NotelyUITests;
			sourceTree = "<group>";
		};
/* End PBXGroup section */

/* Begin PBXNativeTarget section */
		700B7D9729803714004224D2 /* Notely */ = {
			isa = PBXNativeTarget;
			buildConfigurationList = 700B7DC12980371B004224D2 /* Build configuration list for PBXNativeTarget "Notely" */;
			buildPhases = (
				700B7D9429803714004224D2 /* Sources */,
				700B7D9529803714004224D2 /* Frameworks */,
				700B7D9629803714004224D2 /* Resources */,
			);
			buildRules = (
			);
			dependencies = (
			);
			name = Notely;
			productName = Notely;
			productReference = 700B7D9829803714004224D2 /* Notely.app */;
			productType = "com.apple.product-type.application";
		};
		700B7DAC2980371B004224D2 /* NotelyTests */ = {
			isa = PBXNativeTarget;
			buildConfigurationList = 700B7DC42980371B004224D2 /* Build configuration list for PBXNativeTarget "NotelyTests" */;
			buildPhases = (
				700B7DA92980371B004224D2 /* Sources */,
				700B7DAA2980371B004224D2 /* Frameworks */,
				700B7DAB2980371B004224D2 /* Resources */,
			);
			buildRules = (
			);
			dependencies = (
				700B7DAF2980371B004224D2 /* PBXTargetDependency */,
			);
			name = NotelyTests;
			productName = NotelyTests;
			productReference = 700B7DAD2980371B004224D2 /* NotelyTests.xctest */;
			productType = "com.apple.product-type.bundle.unit-test";
		};
		700B7DB62980371B004224D2 /* NotelyUITests */ = {
			isa = PBXNativeTarget;
			buildConfigurationList = 700B7DC72980371B004224D2 /* Build configuration list for PBXNativeTarget "NotelyUITests" */;
			buildPhases = (
				700B7DB32980371B004224D2 /* Sources */,
				700B7DB42980371B004224D2 /* Frameworks */,
				700B7DB52980371B004224D2 /* Resources */,
			);
			buildRules = (
			);
			dependencies = (
				700B7DB92980371B004224D2 /* PBXTargetDependency */,
			);
			name = NotelyUITests;
			productName = NotelyUITests;
			productReference = 700B7DB72980371B004224D2 /* NotelyUITests.xctest */;
			productType = "com.apple.product-type.bundle.ui-testing";
		};
/* End PBXNativeTarget section */

/* Begin PBXProject section */
		700B7D9029803714004224D2 /* Project object */ = {
			isa = PBXProject;
			attributes = {
				BuildIndependentTargetsInParallel = 1;
				LastSwiftUpdateCheck = 1420;
				LastUpgradeCheck = 1420;
				TargetAttributes = {
					700B7D9729803714004224D2 = {
						CreatedOnToolsVersion = 14.2;
					};
					700B7DAC2980371B004224D2 = {
						CreatedOnToolsVersion = 14.2;
						TestTargetID = 700B7D9729803714004224D2;
					};
					700B7DB62980371B004224D2 = {
						CreatedOnToolsVersion = 14.2;
						TestTargetID = 700B7D9729803714004224D2;
					};
				};
			};
			buildConfigurationList = 700B7D9329803714004224D2 /* Build configuration list for PBXProject "Notely" */;
			compatibilityVersion = "Xcode 14.0";
			developmentRegion = en;
			hasScannedForEncodings = 0;
			knownRegions = (
				en,
				Base,
			);
			mainGroup = 700B7D8F29803714004224D2;
			productRefGroup = 700B7D9929803714004224D2 /* Products */;
			projectDirPath = "";
			projectRoot = "";
			targets = (
				700B7D9729803714004224D2 /* Notely */,
				700B7DAC2980371B004224D2 /* NotelyTests */,
				700B7DB62980371B004224D2 /* NotelyUITests */,
			);
		};
/* End PBXProject section */

/* Begin PBXResourcesBuildPhase section */
		700B7D9629803714004224D2 /* Resources */ = {
			isa = PBXResourcesBuildPhase;
			buildActionMask = 2147483647;
			files = (
				700B7DA32980371A004224D2 /* Preview Assets.xcassets in Resources */,
				700B7DA02980371A004224D2 /* Assets.xcassets in Resources */,
			);
			runOnlyForDeploymentPostprocessing = 0;
		};
		700B7DAB2980371B004224D2 /* Resources */ = {
			isa = PBXResourcesBuildPhase;
			buildActionMask = 2147483647;
			files = (
			);
			runOnlyForDeploymentPostprocessing = 0;
		};
		700B7DB52980371B004224D2 /* Resources */ = {
			isa = PBXResourcesBuildPhase;
			buildActionMask = 2147483647;
			files = (
			);
			runOnlyForDeploymentPostprocessing = 0;
		};
/* End PBXResourcesBuildPhase section */

/* Begin PBXSourcesBuildPhase section */
		700B7D9429803714004224D2 /* Sources */ = {
			isa = PBXSourcesBuildPhase;
			buildActionMask = 2147483647;
			files = (
				700B7DA52980371A004224D2 /* Persistence.swift in Sources */,
				700B7D9E29803714004224D2 /* ContentView.swift in Sources */,
				700B7DA82980371A004224D2 /* Notely.xcdatamodeld in Sources */,
				700B7D9C29803714004224D2 /* NotelyApp.swift in Sources */,
			);
			runOnlyForDeploymentPostprocessing = 0;
		};
		700B7DA92980371B004224D2 /* Sources */ = {
			isa = PBXSourcesBuildPhase;
			buildActionMask = 2147483647;
			files = (
				700B7DB22980371B004224D2 /* NotelyTests.swift in Sources */,
			);
			runOnlyForDeploymentPostprocessing = 0;
		};
		700B7DB32980371B004224D2 /* Sources */ = {
			isa = PBXSourcesBuildPhase;
			buildActionMask = 2147483647;
			files = (
				700B7DBC2980371B004224D2 /* NotelyUITests.swift in Sources */,
				700B7DBE2980371B004224D2 /* NotelyUITestsLaunchTests.swift in Sources */,
			);
			runOnlyForDeploymentPostprocessing = 0;
		};
/* End PBXSourcesBuildPhase section */

/* Begin PBXTargetDependency section */
		700B7DAF2980371B004224D2 /* PBXTargetDependency */ = {
			isa = PBXTargetDependency;
			target = 700B7D9729803714004224D2 /* Notely */;
			targetProxy = 700B7DAE2980371B004224D2 /* PBXContainerItemProxy */;
		};
		700B7DB92980371B004224D2 /* PBXTargetDependency */ = {
			isa = PBXTargetDependency;
			target = 700B7D9729803714004224D2 /* Notely */;
			targetProxy = 700B7DB82980371B004224D2 /* PBXContainerItemProxy */;
		};
/* End PBXTargetDependency section */

/* Begin XCBuildConfiguration section */
		700B7DBF2980371B004224D2 /* Debug */ = {
			isa = XCBuildConfiguration;
			buildSettings = {
				ALWAYS_SEARCH_USER_PATHS = NO;
				CLANG_ANALYZER_NONNULL = YES;
				CLANG_ANALYZER_NUMBER_OBJECT_CONVERSION = YES_AGGRESSIVE;
				CLANG_CXX_LANGUAGE_STANDARD = "gnu++20";
				CLANG_ENABLE_MODULES = YES;
				CLANG_ENABLE_OBJC_ARC = YES;
				CLANG_ENABLE_OBJC_WEAK = YES;
				CLANG_WARN_BLOCK_CAPTURE_AUTORELEASING = YES;
				CLANG_WARN_BOOL_CONVERSION = YES;
				CLANG_WARN_COMMA = YES;
				CLANG_WARN_CONSTANT_CONVERSION = YES;
				CLANG_WARN_DEPRECATED_OBJC_IMPLEMENTATIONS = YES;
				CLANG_WARN_DIRECT_OBJC_ISA_USAGE = YES_ERROR;
				CLANG_WARN_DOCUMENTATION_COMMENTS = YES;
				CLANG_WARN_EMPTY_BODY = YES;
				CLANG_WARN_ENUM_CONVERSION = YES;
				CLANG_WARN_INFINITE_RECURSION = YES;
				CLANG_WARN_INT_CONVERSION = YES;
				CLANG_WARN_NON_LITERAL_NULL_CONVERSION = YES;
				CLANG_WARN_OBJC_IMPLICIT_RETAIN_SELF = YES;
				CLANG_WARN_OBJC_LITERAL_CONVERSION = YES;
				CLANG_WARN_OBJC_ROOT_CLASS = YES_ERROR;
				CLANG_WARN_QUOTED_INCLUDE_IN_FRAMEWORK_HEADER = YES;
				CLANG_WARN_RANGE_LOOP_ANALYSIS = YES;
				CLANG_WARN_STRICT_PROTOTYPES = YES;
				CLANG_WARN_SUSPICIOUS_MOVE = YES;
				CLANG_WARN_UNGUARDED_AVAILABILITY = YES_AGGRESSIVE;
				CLANG_WARN_UNREACHABLE_CODE = YES;
				CLANG_WARN__DUPLICATE_METHOD_MATCH = YES;
				COPY_PHASE_STRIP = NO;
				DEBUG_INFORMATION_FORMAT = dwarf;
				ENABLE_STRICT_OBJC_MSGSEND = YES;
				ENABLE_TESTABILITY = YES;
				GCC_C_LANGUAGE_STANDARD = gnu11;
				GCC_DYNAMIC_NO_PIC = NO;
				GCC_NO_COMMON_BLOCKS = YES;
				GCC_OPTIMIZATION_LEVEL = 0;
				GCC_PREPROCESSOR_DEFINITIONS = (
					"DEBUG=1",
					"$(inherited)",
				);
				GCC_WARN_64_TO_32_BIT_CONVERSION = YES;
				GCC_WARN_ABOUT_RETURN_TYPE = YES_ERROR;
				GCC_WARN_UNDECLARED_SELECTOR = YES;
				GCC_WARN_UNINITIALIZED_AUTOS = YES_AGGRESSIVE;
				GCC_WARN_UNUSED_FUNCTION = YES;
				GCC_WARN_UNUSED_VARIABLE = YES;
				IPHONEOS_DEPLOYMENT_TARGET = 16.2;
				MTL_ENABLE_DEBUG_INFO = INCLUDE_SOURCE;
				MTL_FAST_MATH = YES;
				ONLY_ACTIVE_ARCH = YES;
				SDKROOT = iphoneos;
				SWIFT_ACTIVE_COMPILATION_CONDITIONS = DEBUG;
				SWIFT_OPTIMIZATION_LEVEL = "-Onone";
			};
			name = Debug;
		};
		700B7DC02980371B004224D2 /* Release */ = {
			isa = XCBuildConfiguration;
			buildSettings = {
				ALWAYS_SEARCH_USER_PATHS = NO;
				CLANG_ANALYZER_NONNULL = YES;
				CLANG_ANALYZER_NUMBER_OBJECT_CONVERSION = YES_AGGRESSIVE;
				CLANG_CXX_LANGUAGE_STANDARD = "gnu++20";
				CLANG_ENABLE_MODULES = YES;
				CLANG_ENABLE_OBJC_ARC = YES;
				CLANG_ENABLE_OBJC_WEAK = YES;
				CLANG_WARN_BLOCK_CAPTURE_AUTORELEASING = YES;
				CLANG_WARN_BOOL_CONVERSION = YES;
				CLANG_WARN_COMMA = YES;
				CLANG_WARN_CONSTANT_CONVERSION = YES;
				CLANG_WARN_DEPRECATED_OBJC_IMPLEMENTATIONS = YES;
				CLANG_WARN_DIRECT_OBJC_ISA_USAGE = YES_ERROR;
				CLANG_WARN_DOCUMENTATION_COMMENTS = YES;
				CLANG_WARN_EMPTY_BODY = YES;
				CLANG_WARN_ENUM_CONVERSION = YES;
				CLANG_WARN_INFINITE_RECURSION = YES;
				CLANG_WARN_INT_CONVERSION = YES;
				CLANG_WARN_NON_LITERAL_NULL_CONVERSION = YES;
				CLANG_WARN_OBJC_IMPLICIT_RETAIN_SELF = YES;
				CLANG_WARN_OBJC_LITERAL_CONVERSION = YES;
				CLANG_WARN_OBJC_ROOT_CLASS = YES_ERROR;
				CLANG_WARN_QUOTED_INCLUDE_IN_FRAMEWORK_HEADER = YES;
				CLANG_WARN_RANGE_LOOP_ANALYSIS = YES;
				CLANG_WARN_STRICT_PROTOTYPES = YES;
				CLANG_WARN_SUSPICIOUS_MOVE = YES;
				CLANG_WARN_UNGUARDED_AVAILABILITY = YES_AGGRESSIVE;
				CLANG_WARN_UNREACHABLE_CODE = YES;
				CLANG_WARN__DUPLICATE_METHOD_MATCH = YES;
				COPY_PHASE_STRIP = NO;
				DEBUG_INFORMATION_FORMAT = "dwarf-with-dsym";
				ENABLE_NS_ASSERTIONS = NO;
				ENABLE_STRICT_OBJC_MSGSEND = YES;
				GCC_C_LANGUAGE_STANDARD = gnu11;
				GCC_NO_COMMON_BLOCKS = YES;
				GCC_WARN_64_TO_32_BIT_CONVERSION = YES;
				GCC_WARN_ABOUT_RETURN_TYPE = YES_ERROR;
				GCC_WARN_UNDECLARED_SELECTOR = YES;
				GCC_WARN_UNINITIALIZED_AUTOS = YES_AGGRESSIVE;
				GCC_WARN_UNUSED_FUNCTION = YES;
				GCC_WARN_UNUSED_VARIABLE = YES;
				IPHONEOS_DEPLOYMENT_TARGET = 16.2;
				MTL_ENABLE_DEBUG_INFO = NO;
				MTL_FAST_MATH = YES;
				SDKROOT = iphoneos;
				SWIFT_COMPILATION_MODE = wholemodule;
				SWIFT_OPTIMIZATION_LEVEL = "-O";
				VALIDATE_PRODUCT = YES;
			};
			name = Release;
		};
		700B7DC22980371B004224D2 /* Debug */ = {
			isa = XCBuildConfiguration;
			buildSettings = {
				ASSETCATALOG_COMPILER_APPICON_NAME = AppIcon;
				ASSETCATALOG_COMPILER_GLOBAL_ACCENT_COLOR_NAME = AccentColor;
				CODE_SIGN_STYLE = Automatic;
				CURRENT_PROJECT_VERSION = 1;
				DEVELOPMENT_ASSET_PATHS = "\"Notely/Preview Content\"";
				ENABLE_PREVIEWS = YES;
				GENERATE_INFOPLIST_FILE = YES;
				INFOPLIST_KEY_UIApplicationSceneManifest_Generation = YES;
				INFOPLIST_KEY_UIApplicationSupportsIndirectInputEvents = YES;
				INFOPLIST_KEY_UILaunchScreen_Generation = YES;
				INFOPLIST_KEY_UISupportedInterfaceOrientations_iPad = "UIInterfaceOrientationPortrait UIInterfaceOrientationPortraitUpsideDown UIInterfaceOrientationLandscapeLeft UIInterfaceOrientationLandscapeRight";
				INFOPLIST_KEY_UISupportedInterfaceOrientations_iPhone = "UIInterfaceOrientationPortrait UIInterfaceOrientationLandscapeLeft UIInterfaceOrientationLandscapeRight";
				LD_RUNPATH_SEARCH_PATHS = (
					"$(inherited)",
					"@executable_path/Frameworks",
				);
				MARKETING_VERSION = 1.0;
				PRODUCT_BUNDLE_IDENTIFIER = "Winnie-The-Pooh.Notely";
				PRODUCT_NAME = "$(TARGET_NAME)";
				SWIFT_EMIT_LOC_STRINGS = YES;
				SWIFT_VERSION = 5.0;
				TARGETED_DEVICE_FAMILY = "1,2";
			};
			name = Debug;
		};
		700B7DC32980371B004224D2 /* Release */ = {
			isa = XCBuildConfiguration;
			buildSettings = {
				ASSETCATALOG_COMPILER_APPICON_NAME = AppIcon;
				ASSETCATALOG_COMPILER_GLOBAL_ACCENT_COLOR_NAME = AccentColor;
				CODE_SIGN_STYLE = Automatic;
				CURRENT_PROJECT_VERSION = 1;
				DEVELOPMENT_ASSET_PATHS = "\"Notely/Preview Content\"";
				ENABLE_PREVIEWS = YES;
				GENERATE_INFOPLIST_FILE = YES;
				INFOPLIST_KEY_UIApplicationSceneManifest_Generation = YES;
				INFOPLIST_KEY_UIApplicationSupportsIndirectInputEvents = YES;
				INFOPLIST_KEY_UILaunchScreen_Generation = YES;
				INFOPLIST_KEY_UISupportedInterfaceOrientations_iPad = "UIInterfaceOrientationPortrait UIInterfaceOrientationPortraitUpsideDown UIInterfaceOrientationLandscapeLeft UIInterfaceOrientationLandscapeRight";
				INFOPLIST_KEY_UISupportedInterfaceOrientations_iPhone = "UIInterfaceOrientationPortrait UIInterfaceOrientationLandscapeLeft UIInterfaceOrientationLandscapeRight";
				LD_RUNPATH_SEARCH_PATHS = (
					"$(inherited)",
					"@executable_path/Frameworks",
				);
				MARKETING_VERSION = 1.0;
				PRODUCT_BUNDLE_IDENTIFIER = "Winnie-The-Pooh.Notely";
				PRODUCT_NAME = "$(TARGET_NAME)";
				SWIFT_EMIT_LOC_STRINGS = YES;
				SWIFT_VERSION = 5.0;
				TARGETED_DEVICE_FAMILY = "1,2";
			};
			name = Release;
		};
		700B7DC52980371B004224D2 /* Debug */ = {
			isa = XCBuildConfiguration;
			buildSettings = {
				ALWAYS_EMBED_SWIFT_STANDARD_LIBRARIES = YES;
				BUNDLE_LOADER = "$(TEST_HOST)";
				CODE_SIGN_STYLE = Automatic;
				CURRENT_PROJECT_VERSION = 1;
				GENERATE_INFOPLIST_FILE = YES;
				IPHONEOS_DEPLOYMENT_TARGET = 16.2;
				MARKETING_VERSION = 1.0;
				PRODUCT_BUNDLE_IDENTIFIER = "Winnie-The-Pooh.NotelyTests";
				PRODUCT_NAME = "$(TARGET_NAME)";
				SWIFT_EMIT_LOC_STRINGS = NO;
				SWIFT_VERSION = 5.0;
				TARGETED_DEVICE_FAMILY = "1,2";
				TEST_HOST = "$(BUILT_PRODUCTS_DIR)/Notely.app/$(BUNDLE_EXECUTABLE_FOLDER_PATH)/Notely";
			};
			name = Debug;
		};
		700B7DC62980371B004224D2 /* Release */ = {
			isa = XCBuildConfiguration;
			buildSettings = {
				ALWAYS_EMBED_SWIFT_STANDARD_LIBRARIES = YES;
				BUNDLE_LOADER = "$(TEST_HOST)";
				CODE_SIGN_STYLE = Automatic;
				CURRENT_PROJECT_VERSION = 1;
				GENERATE_INFOPLIST_FILE = YES;
				IPHONEOS_DEPLOYMENT_TARGET = 16.2;
				MARKETING_VERSION = 1.0;
				PRODUCT_BUNDLE_IDENTIFIER = "Winnie-The-Pooh.NotelyTests";
				PRODUCT_NAME = "$(TARGET_NAME)";
				SWIFT_EMIT_LOC_STRINGS = NO;
				SWIFT_VERSION = 5.0;
				TARGETED_DEVICE_FAMILY = "1,2";
				TEST_HOST = "$(BUILT_PRODUCTS_DIR)/Notely.app/$(BUNDLE_EXECUTABLE_FOLDER_PATH)/Notely";
			};
			name = Release;
		};
		700B7DC82980371B004224D2 /* Debug */ = {
			isa = XCBuildConfiguration;
			buildSettings = {
				ALWAYS_EMBED_SWIFT_STANDARD_LIBRARIES = YES;
				CODE_SIGN_STYLE = Automatic;
				CURRENT_PROJECT_VERSION = 1;
				GENERATE_INFOPLIST_FILE = YES;
				MARKETING_VERSION = 1.0;
				PRODUCT_BUNDLE_IDENTIFIER = "Winnie-The-Pooh.NotelyUITests";
				PRODUCT_NAME = "$(TARGET_NAME)";
				SWIFT_EMIT_LOC_STRINGS = NO;
				SWIFT_VERSION = 5.0;
				TARGETED_DEVICE_FAMILY = "1,2";
				TEST_TARGET_NAME = Notely;
			};
			name = Debug;
		};
		700B7DC92980371B004224D2 /* Release */ = {
			isa = XCBuildConfiguration;
			buildSettings = {
				ALWAYS_EMBED_SWIFT_STANDARD_LIBRARIES = YES;
				CODE_SIGN_STYLE = Automatic;
				CURRENT_PROJECT_VERSION = 1;
				GENERATE_INFOPLIST_FILE = YES;
				MARKETING_VERSION = 1.0;
				PRODUCT_BUNDLE_IDENTIFIER = "Winnie-The-Pooh.NotelyUITests";
				PRODUCT_NAME = "$(TARGET_NAME)";
				SWIFT_EMIT_LOC_STRINGS = NO;
				SWIFT_VERSION = 5.0;
				TARGETED_DEVICE_FAMILY = "1,2";
				TEST_TARGET_NAME = Notely;
			};
			name = Release;
		};
/* End XCBuildConfiguration section */

/* Begin XCConfigurationList section */
		700B7D9329803714004224D2 /* Build configuration list for PBXProject "Notely" */ = {
			isa = XCConfigurationList;
			buildConfigurations = (
				700B7DBF2980371B004224D2 /* Debug */,
				700B7DC02980371B004224D2 /* Release */,
			);
			defaultConfigurationIsVisible = 0;
			defaultConfigurationName = Release;
		};
		700B7DC12980371B004224D2 /* Build configuration list for PBXNativeTarget "Notely" */ = {
			isa = XCConfigurationList;
			buildConfigurations = (
				700B7DC22980371B004224D2 /* Debug */,
				700B7DC32980371B004224D2 /* Release */,
			);
			defaultConfigurationIsVisible = 0;
			defaultConfigurationName = Release;
		};
		700B7DC42980371B004224D2 /* Build configuration list for PBXNativeTarget "NotelyTests" */ = {
			isa = XCConfigurationList;
			buildConfigurations = (
				700B7DC52980371B004224D2 /* Debug */,
				700B7DC62980371B004224D2 /* Release */,
			);
			defaultConfigurationIsVisible = 0;
			defaultConfigurationName = Release;
		};
		700B7DC72980371B004224D2 /* Build configuration list for PBXNativeTarget "NotelyUITests" */ = {
			isa = XCConfigurationList;
			buildConfigurations = (
				700B7DC82980371B004224D2 /* Debug */,
				700B7DC92980371B004224D2 /* Release */,
			);
			defaultConfigurationIsVisible = 0;
			defaultConfigurationName = Release;
		};
/* End XCConfigurationList section */

/* Begin XCVersionGroup section */
		700B7DA62980371A004224D2 /* Notely.xcdatamodeld */ = {
			isa = XCVersionGroup;
			children = (
				700B7DA72980371A004224D2 /* Notely.xcdatamodel */,
			);
			currentVersion = 700B7DA72980371A004224D2 /* Notely.xcdatamodel */;
			path = Notely.xcdatamodeld;
			sourceTree = "<group>";
			versionGroupType = wrapper.xcdatamodel;
		};
/* End XCVersionGroup section */
	};
	rootObject = 700B7D9029803714004224D2 /* Project object */;
}
