// !$*UTF8*$!
{
	archiveVersion = 1;
	classes = {
	};
	objectVersion = 56;
	objects = {

/* Begin PBXBuildFile section */
		DAE0E1A3297E9B1D0018149E /* AppDelegate.swift in Sources */ = {isa = PBXBuildFile; fileRef = DAE0E1A2297E9B1D0018149E /* AppDelegate.swift */; };
		DAE0E1A5297E9B1D0018149E /* SceneDelegate.swift in Sources */ = {isa = PBXBuildFile; fileRef = DAE0E1A4297E9B1D0018149E /* SceneDelegate.swift */; };
		DAE0E1A7297E9B1D0018149E /* ViewController.swift in Sources */ = {isa = PBXBuildFile; fileRef = DAE0E1A6297E9B1D0018149E /* ViewController.swift */; };
		DAE0E1AA297E9B1D0018149E /* Main.storyboard in Resources */ = {isa = PBXBuildFile; fileRef = DAE0E1A8297E9B1D0018149E /* Main.storyboard */; };
		DAE0E1AD297E9B1D0018149E /* Notely.xcdatamodeld in Sources */ = {isa = PBXBuildFile; fileRef = DAE0E1AB297E9B1D0018149E /* Notely.xcdatamodeld */; };
		DAE0E1AF297E9B200018149E /* Assets.xcassets in Resources */ = {isa = PBXBuildFile; fileRef = DAE0E1AE297E9B200018149E /* Assets.xcassets */; };
		DAE0E1B2297E9B200018149E /* LaunchScreen.storyboard in Resources */ = {isa = PBXBuildFile; fileRef = DAE0E1B0297E9B200018149E /* LaunchScreen.storyboard */; };
		DAE0E1BD297E9B200018149E /* NotelyTests.swift in Sources */ = {isa = PBXBuildFile; fileRef = DAE0E1BC297E9B200018149E /* NotelyTests.swift */; };
		DAE0E1C7297E9B200018149E /* NotelyUITests.swift in Sources */ = {isa = PBXBuildFile; fileRef = DAE0E1C6297E9B200018149E /* NotelyUITests.swift */; };
		DAE0E1C9297E9B200018149E /* NotelyUITestsLaunchTests.swift in Sources */ = {isa = PBXBuildFile; fileRef = DAE0E1C8297E9B200018149E /* NotelyUITestsLaunchTests.swift */; };
/* End PBXBuildFile section */

/* Begin PBXContainerItemProxy section */
		DAE0E1B9297E9B200018149E /* PBXContainerItemProxy */ = {
			isa = PBXContainerItemProxy;
			containerPortal = DAE0E197297E9B1D0018149E /* Project object */;
			proxyType = 1;
			remoteGlobalIDString = DAE0E19E297E9B1D0018149E;
			remoteInfo = Notely;
		};
		DAE0E1C3297E9B200018149E /* PBXContainerItemProxy */ = {
			isa = PBXContainerItemProxy;
			containerPortal = DAE0E197297E9B1D0018149E /* Project object */;
			proxyType = 1;
			remoteGlobalIDString = DAE0E19E297E9B1D0018149E;
			remoteInfo = Notely;
		};
/* End PBXContainerItemProxy section */

/* Begin PBXFileReference section */
		DAE0E19F297E9B1D0018149E /* Notely.app */ = {isa = PBXFileReference; explicitFileType = wrapper.application; includeInIndex = 0; path = Notely.app; sourceTree = BUILT_PRODUCTS_DIR; };
		DAE0E1A2297E9B1D0018149E /* AppDelegate.swift */ = {isa = PBXFileReference; lastKnownFileType = sourcecode.swift; path = AppDelegate.swift; sourceTree = "<group>"; };
		DAE0E1A4297E9B1D0018149E /* SceneDelegate.swift */ = {isa = PBXFileReference; lastKnownFileType = sourcecode.swift; path = SceneDelegate.swift; sourceTree = "<group>"; };
		DAE0E1A6297E9B1D0018149E /* ViewController.swift */ = {isa = PBXFileReference; lastKnownFileType = sourcecode.swift; path = ViewController.swift; sourceTree = "<group>"; };
		DAE0E1A9297E9B1D0018149E /* Base */ = {isa = PBXFileReference; lastKnownFileType = file.storyboard; name = Base; path = Base.lproj/Main.storyboard; sourceTree = "<group>"; };
		DAE0E1AC297E9B1D0018149E /* Notely.xcdatamodel */ = {isa = PBXFileReference; lastKnownFileType = wrapper.xcdatamodel; path = Notely.xcdatamodel; sourceTree = "<group>"; };
		DAE0E1AE297E9B200018149E /* Assets.xcassets */ = {isa = PBXFileReference; lastKnownFileType = folder.assetcatalog; path = Assets.xcassets; sourceTree = "<group>"; };
		DAE0E1B1297E9B200018149E /* Base */ = {isa = PBXFileReference; lastKnownFileType = file.storyboard; name = Base; path = Base.lproj/LaunchScreen.storyboard; sourceTree = "<group>"; };
		DAE0E1B3297E9B200018149E /* Info.plist */ = {isa = PBXFileReference; lastKnownFileType = text.plist.xml; path = Info.plist; sourceTree = "<group>"; };
		DAE0E1B8297E9B200018149E /* NotelyTests.xctest */ = {isa = PBXFileReference; explicitFileType = wrapper.cfbundle; includeInIndex = 0; path = NotelyTests.xctest; sourceTree = BUILT_PRODUCTS_DIR; };
		DAE0E1BC297E9B200018149E /* NotelyTests.swift */ = {isa = PBXFileReference; lastKnownFileType = sourcecode.swift; path = NotelyTests.swift; sourceTree = "<group>"; };
		DAE0E1C2297E9B200018149E /* NotelyUITests.xctest */ = {isa = PBXFileReference; explicitFileType = wrapper.cfbundle; includeInIndex = 0; path = NotelyUITests.xctest; sourceTree = BUILT_PRODUCTS_DIR; };
		DAE0E1C6297E9B200018149E /* NotelyUITests.swift */ = {isa = PBXFileReference; lastKnownFileType = sourcecode.swift; path = NotelyUITests.swift; sourceTree = "<group>"; };
		DAE0E1C8297E9B200018149E /* NotelyUITestsLaunchTests.swift */ = {isa = PBXFileReference; lastKnownFileType = sourcecode.swift; path = NotelyUITestsLaunchTests.swift; sourceTree = "<group>"; };
/* End PBXFileReference section */

/* Begin PBXFrameworksBuildPhase section */
		DAE0E19C297E9B1D0018149E /* Frameworks */ = {
			isa = PBXFrameworksBuildPhase;
			buildActionMask = 2147483647;
			files = (
			);
			runOnlyForDeploymentPostprocessing = 0;
		};
		DAE0E1B5297E9B200018149E /* Frameworks */ = {
			isa = PBXFrameworksBuildPhase;
			buildActionMask = 2147483647;
			files = (
			);
			runOnlyForDeploymentPostprocessing = 0;
		};
		DAE0E1BF297E9B200018149E /* Frameworks */ = {
			isa = PBXFrameworksBuildPhase;
			buildActionMask = 2147483647;
			files = (
			);
			runOnlyForDeploymentPostprocessing = 0;
		};
/* End PBXFrameworksBuildPhase section */

/* Begin PBXGroup section */
		DAE0E196297E9B1D0018149E = {
			isa = PBXGroup;
			children = (
				DAE0E1A1297E9B1D0018149E /* Notely */,
				DAE0E1BB297E9B200018149E /* NotelyTests */,
				DAE0E1C5297E9B200018149E /* NotelyUITests */,
				DAE0E1A0297E9B1D0018149E /* Products */,
			);
			sourceTree = "<group>";
		};
		DAE0E1A0297E9B1D0018149E /* Products */ = {
			isa = PBXGroup;
			children = (
				DAE0E19F297E9B1D0018149E /* Notely.app */,
				DAE0E1B8297E9B200018149E /* NotelyTests.xctest */,
				DAE0E1C2297E9B200018149E /* NotelyUITests.xctest */,
			);
			name = Products;
			sourceTree = "<group>";
		};
		DAE0E1A1297E9B1D0018149E /* Notely */ = {
			isa = PBXGroup;
			children = (
				DAE0E1A2297E9B1D0018149E /* AppDelegate.swift */,
				DAE0E1A4297E9B1D0018149E /* SceneDelegate.swift */,
				DAE0E1A6297E9B1D0018149E /* ViewController.swift */,
				DAE0E1A8297E9B1D0018149E /* Main.storyboard */,
				DAE0E1AE297E9B200018149E /* Assets.xcassets */,
				DAE0E1B0297E9B200018149E /* LaunchScreen.storyboard */,
				DAE0E1B3297E9B200018149E /* Info.plist */,
				DAE0E1AB297E9B1D0018149E /* Notely.xcdatamodeld */,
			);
			path = Notely;
			sourceTree = "<group>";
		};
		DAE0E1BB297E9B200018149E /* NotelyTests */ = {
			isa = PBXGroup;
			children = (
				DAE0E1BC297E9B200018149E /* NotelyTests.swift */,
			);
			path = NotelyTests;
			sourceTree = "<group>";
		};
		DAE0E1C5297E9B200018149E /* NotelyUITests */ = {
			isa = PBXGroup;
			children = (
				DAE0E1C6297E9B200018149E /* NotelyUITests.swift */,
				DAE0E1C8297E9B200018149E /* NotelyUITestsLaunchTests.swift */,
			);
			path = NotelyUITests;
			sourceTree = "<group>";
		};
/* End PBXGroup section */

/* Begin PBXNativeTarget section */
		DAE0E19E297E9B1D0018149E /* Notely */ = {
			isa = PBXNativeTarget;
			buildConfigurationList = DAE0E1CC297E9B200018149E /* Build configuration list for PBXNativeTarget "Notely" */;
			buildPhases = (
				DAE0E19B297E9B1D0018149E /* Sources */,
				DAE0E19C297E9B1D0018149E /* Frameworks */,
				DAE0E19D297E9B1D0018149E /* Resources */,
			);
			buildRules = (
			);
			dependencies = (
			);
			name = Notely;
			productName = Notely;
			productReference = DAE0E19F297E9B1D0018149E /* Notely.app */;
			productType = "com.apple.product-type.application";
		};
		DAE0E1B7297E9B200018149E /* NotelyTests */ = {
			isa = PBXNativeTarget;
			buildConfigurationList = DAE0E1CF297E9B200018149E /* Build configuration list for PBXNativeTarget "NotelyTests" */;
			buildPhases = (
				DAE0E1B4297E9B200018149E /* Sources */,
				DAE0E1B5297E9B200018149E /* Frameworks */,
				DAE0E1B6297E9B200018149E /* Resources */,
			);
			buildRules = (
			);
			dependencies = (
				DAE0E1BA297E9B200018149E /* PBXTargetDependency */,
			);
			name = NotelyTests;
			productName = NotelyTests;
			productReference = DAE0E1B8297E9B200018149E /* NotelyTests.xctest */;
			productType = "com.apple.product-type.bundle.unit-test";
		};
		DAE0E1C1297E9B200018149E /* NotelyUITests */ = {
			isa = PBXNativeTarget;
			buildConfigurationList = DAE0E1D2297E9B200018149E /* Build configuration list for PBXNativeTarget "NotelyUITests" */;
			buildPhases = (
				DAE0E1BE297E9B200018149E /* Sources */,
				DAE0E1BF297E9B200018149E /* Frameworks */,
				DAE0E1C0297E9B200018149E /* Resources */,
			);
			buildRules = (
			);
			dependencies = (
				DAE0E1C4297E9B200018149E /* PBXTargetDependency */,
			);
			name = NotelyUITests;
			productName = NotelyUITests;
			productReference = DAE0E1C2297E9B200018149E /* NotelyUITests.xctest */;
			productType = "com.apple.product-type.bundle.ui-testing";
		};
/* End PBXNativeTarget section */

/* Begin PBXProject section */
		DAE0E197297E9B1D0018149E /* Project object */ = {
			isa = PBXProject;
			attributes = {
				BuildIndependentTargetsInParallel = 1;
				LastSwiftUpdateCheck = 1420;
				LastUpgradeCheck = 1420;
				TargetAttributes = {
					DAE0E19E297E9B1D0018149E = {
						CreatedOnToolsVersion = 14.2;
					};
					DAE0E1B7297E9B200018149E = {
						CreatedOnToolsVersion = 14.2;
						TestTargetID = DAE0E19E297E9B1D0018149E;
					};
					DAE0E1C1297E9B200018149E = {
						CreatedOnToolsVersion = 14.2;
						TestTargetID = DAE0E19E297E9B1D0018149E;
					};
				};
			};
			buildConfigurationList = DAE0E19A297E9B1D0018149E /* Build configuration list for PBXProject "Notely" */;
			compatibilityVersion = "Xcode 14.0";
			developmentRegion = en;
			hasScannedForEncodings = 0;
			knownRegions = (
				en,
				Base,
			);
			mainGroup = DAE0E196297E9B1D0018149E;
			productRefGroup = DAE0E1A0297E9B1D0018149E /* Products */;
			projectDirPath = "";
			projectRoot = "";
			targets = (
				DAE0E19E297E9B1D0018149E /* Notely */,
				DAE0E1B7297E9B200018149E /* NotelyTests */,
				DAE0E1C1297E9B200018149E /* NotelyUITests */,
			);
		};
/* End PBXProject section */

/* Begin PBXResourcesBuildPhase section */
		DAE0E19D297E9B1D0018149E /* Resources */ = {
			isa = PBXResourcesBuildPhase;
			buildActionMask = 2147483647;
			files = (
				DAE0E1B2297E9B200018149E /* LaunchScreen.storyboard in Resources */,
				DAE0E1AF297E9B200018149E /* Assets.xcassets in Resources */,
				DAE0E1AA297E9B1D0018149E /* Main.storyboard in Resources */,
			);
			runOnlyForDeploymentPostprocessing = 0;
		};
		DAE0E1B6297E9B200018149E /* Resources */ = {
			isa = PBXResourcesBuildPhase;
			buildActionMask = 2147483647;
			files = (
			);
			runOnlyForDeploymentPostprocessing = 0;
		};
		DAE0E1C0297E9B200018149E /* Resources */ = {
			isa = PBXResourcesBuildPhase;
			buildActionMask = 2147483647;
			files = (
			);
			runOnlyForDeploymentPostprocessing = 0;
		};
/* End PBXResourcesBuildPhase section */

/* Begin PBXSourcesBuildPhase section */
		DAE0E19B297E9B1D0018149E /* Sources */ = {
			isa = PBXSourcesBuildPhase;
			buildActionMask = 2147483647;
			files = (
				DAE0E1A7297E9B1D0018149E /* ViewController.swift in Sources */,
				DAE0E1A3297E9B1D0018149E /* AppDelegate.swift in Sources */,
				DAE0E1AD297E9B1D0018149E /* Notely.xcdatamodeld in Sources */,
				DAE0E1A5297E9B1D0018149E /* SceneDelegate.swift in Sources */,
			);
			runOnlyForDeploymentPostprocessing = 0;
		};
		DAE0E1B4297E9B200018149E /* Sources */ = {
			isa = PBXSourcesBuildPhase;
			buildActionMask = 2147483647;
			files = (
				DAE0E1BD297E9B200018149E /* NotelyTests.swift in Sources */,
			);
			runOnlyForDeploymentPostprocessing = 0;
		};
		DAE0E1BE297E9B200018149E /* Sources */ = {
			isa = PBXSourcesBuildPhase;
			buildActionMask = 2147483647;
			files = (
				DAE0E1C7297E9B200018149E /* NotelyUITests.swift in Sources */,
				DAE0E1C9297E9B200018149E /* NotelyUITestsLaunchTests.swift in Sources */,
			);
			runOnlyForDeploymentPostprocessing = 0;
		};
/* End PBXSourcesBuildPhase section */

/* Begin PBXTargetDependency section */
		DAE0E1BA297E9B200018149E /* PBXTargetDependency */ = {
			isa = PBXTargetDependency;
			target = DAE0E19E297E9B1D0018149E /* Notely */;
			targetProxy = DAE0E1B9297E9B200018149E /* PBXContainerItemProxy */;
		};
		DAE0E1C4297E9B200018149E /* PBXTargetDependency */ = {
			isa = PBXTargetDependency;
			target = DAE0E19E297E9B1D0018149E /* Notely */;
			targetProxy = DAE0E1C3297E9B200018149E /* PBXContainerItemProxy */;
		};
/* End PBXTargetDependency section */

/* Begin PBXVariantGroup section */
		DAE0E1A8297E9B1D0018149E /* Main.storyboard */ = {
			isa = PBXVariantGroup;
			children = (
				DAE0E1A9297E9B1D0018149E /* Base */,
			);
			name = Main.storyboard;
			sourceTree = "<group>";
		};
		DAE0E1B0297E9B200018149E /* LaunchScreen.storyboard */ = {
			isa = PBXVariantGroup;
			children = (
				DAE0E1B1297E9B200018149E /* Base */,
			);
			name = LaunchScreen.storyboard;
			sourceTree = "<group>";
		};
/* End PBXVariantGroup section */

/* Begin XCBuildConfiguration section */
		DAE0E1CA297E9B200018149E /* Debug */ = {
			isa = XCBuildConfiguration;
			buildSettings = {
				ALWAYS_SEARCH_USER_PATHS = NO;
				CLANG_ANALYZER_NONNULL = YES;
				CLANG_ANALYZER_NUMBER_OBJECT_CONVERSION = YES_AGGRESSIVE;
				CLANG_CXX_LANGUAGE_STANDARD = "gnu++20";
				CLANG_ENABLE_MODULES = YES;
				CLANG_ENABLE_OBJC_ARC = YES;
				CLANG_ENABLE_OBJC_WEAK = YES;
				CLANG_WARN_BLOCK_CAPTURE_AUTORELEASING = YES;
				CLANG_WARN_BOOL_CONVERSION = YES;
				CLANG_WARN_COMMA = YES;
				CLANG_WARN_CONSTANT_CONVERSION = YES;
				CLANG_WARN_DEPRECATED_OBJC_IMPLEMENTATIONS = YES;
				CLANG_WARN_DIRECT_OBJC_ISA_USAGE = YES_ERROR;
				CLANG_WARN_DOCUMENTATION_COMMENTS = YES;
				CLANG_WARN_EMPTY_BODY = YES;
				CLANG_WARN_ENUM_CONVERSION = YES;
				CLANG_WARN_INFINITE_RECURSION = YES;
				CLANG_WARN_INT_CONVERSION = YES;
				CLANG_WARN_NON_LITERAL_NULL_CONVERSION = YES;
				CLANG_WARN_OBJC_IMPLICIT_RETAIN_SELF = YES;
				CLANG_WARN_OBJC_LITERAL_CONVERSION = YES;
				CLANG_WARN_OBJC_ROOT_CLASS = YES_ERROR;
				CLANG_WARN_QUOTED_INCLUDE_IN_FRAMEWORK_HEADER = YES;
				CLANG_WARN_RANGE_LOOP_ANALYSIS = YES;
				CLANG_WARN_STRICT_PROTOTYPES = YES;
				CLANG_WARN_SUSPICIOUS_MOVE = YES;
				CLANG_WARN_UNGUARDED_AVAILABILITY = YES_AGGRESSIVE;
				CLANG_WARN_UNREACHABLE_CODE = YES;
				CLANG_WARN__DUPLICATE_METHOD_MATCH = YES;
				COPY_PHASE_STRIP = NO;
				DEBUG_INFORMATION_FORMAT = dwarf;
				ENABLE_STRICT_OBJC_MSGSEND = YES;
				ENABLE_TESTABILITY = YES;
				GCC_C_LANGUAGE_STANDARD = gnu11;
				GCC_DYNAMIC_NO_PIC = NO;
				GCC_NO_COMMON_BLOCKS = YES;
				GCC_OPTIMIZATION_LEVEL = 0;
				GCC_PREPROCESSOR_DEFINITIONS = (
					"DEBUG=1",
					"$(inherited)",
				);
				GCC_WARN_64_TO_32_BIT_CONVERSION = YES;
				GCC_WARN_ABOUT_RETURN_TYPE = YES_ERROR;
				GCC_WARN_UNDECLARED_SELECTOR = YES;
				GCC_WARN_UNINITIALIZED_AUTOS = YES_AGGRESSIVE;
				GCC_WARN_UNUSED_FUNCTION = YES;
				GCC_WARN_UNUSED_VARIABLE = YES;
				IPHONEOS_DEPLOYMENT_TARGET = 16.2;
				MTL_ENABLE_DEBUG_INFO = INCLUDE_SOURCE;
				MTL_FAST_MATH = YES;
				ONLY_ACTIVE_ARCH = YES;
				SDKROOT = iphoneos;
				SWIFT_ACTIVE_COMPILATION_CONDITIONS = DEBUG;
				SWIFT_OPTIMIZATION_LEVEL = "-Onone";
			};
			name = Debug;
		};
		DAE0E1CB297E9B200018149E /* Release */ = {
			isa = XCBuildConfiguration;
			buildSettings = {
				ALWAYS_SEARCH_USER_PATHS = NO;
				CLANG_ANALYZER_NONNULL = YES;
				CLANG_ANALYZER_NUMBER_OBJECT_CONVERSION = YES_AGGRESSIVE;
				CLANG_CXX_LANGUAGE_STANDARD = "gnu++20";
				CLANG_ENABLE_MODULES = YES;
				CLANG_ENABLE_OBJC_ARC = YES;
				CLANG_ENABLE_OBJC_WEAK = YES;
				CLANG_WARN_BLOCK_CAPTURE_AUTORELEASING = YES;
				CLANG_WARN_BOOL_CONVERSION = YES;
				CLANG_WARN_COMMA = YES;
				CLANG_WARN_CONSTANT_CONVERSION = YES;
				CLANG_WARN_DEPRECATED_OBJC_IMPLEMENTATIONS = YES;
				CLANG_WARN_DIRECT_OBJC_ISA_USAGE = YES_ERROR;
				CLANG_WARN_DOCUMENTATION_COMMENTS = YES;
				CLANG_WARN_EMPTY_BODY = YES;
				CLANG_WARN_ENUM_CONVERSION = YES;
				CLANG_WARN_INFINITE_RECURSION = YES;
				CLANG_WARN_INT_CONVERSION = YES;
				CLANG_WARN_NON_LITERAL_NULL_CONVERSION = YES;
				CLANG_WARN_OBJC_IMPLICIT_RETAIN_SELF = YES;
				CLANG_WARN_OBJC_LITERAL_CONVERSION = YES;
				CLANG_WARN_OBJC_ROOT_CLASS = YES_ERROR;
				CLANG_WARN_QUOTED_INCLUDE_IN_FRAMEWORK_HEADER = YES;
				CLANG_WARN_RANGE_LOOP_ANALYSIS = YES;
				CLANG_WARN_STRICT_PROTOTYPES = YES;
				CLANG_WARN_SUSPICIOUS_MOVE = YES;
				CLANG_WARN_UNGUARDED_AVAILABILITY = YES_AGGRESSIVE;
				CLANG_WARN_UNREACHABLE_CODE = YES;
				CLANG_WARN__DUPLICATE_METHOD_MATCH = YES;
				COPY_PHASE_STRIP = NO;
				DEBUG_INFORMATION_FORMAT = "dwarf-with-dsym";
				ENABLE_NS_ASSERTIONS = NO;
				ENABLE_STRICT_OBJC_MSGSEND = YES;
				GCC_C_LANGUAGE_STANDARD = gnu11;
				GCC_NO_COMMON_BLOCKS = YES;
				GCC_WARN_64_TO_32_BIT_CONVERSION = YES;
				GCC_WARN_ABOUT_RETURN_TYPE = YES_ERROR;
				GCC_WARN_UNDECLARED_SELECTOR = YES;
				GCC_WARN_UNINITIALIZED_AUTOS = YES_AGGRESSIVE;
				GCC_WARN_UNUSED_FUNCTION = YES;
				GCC_WARN_UNUSED_VARIABLE = YES;
				IPHONEOS_DEPLOYMENT_TARGET = 16.2;
				MTL_ENABLE_DEBUG_INFO = NO;
				MTL_FAST_MATH = YES;
				SDKROOT = iphoneos;
				SWIFT_COMPILATION_MODE = wholemodule;
				SWIFT_OPTIMIZATION_LEVEL = "-O";
				VALIDATE_PRODUCT = YES;
			};
			name = Release;
		};
		DAE0E1CD297E9B200018149E /* Debug */ = {
			isa = XCBuildConfiguration;
			buildSettings = {
				ASSETCATALOG_COMPILER_APPICON_NAME = AppIcon;
				ASSETCATALOG_COMPILER_GLOBAL_ACCENT_COLOR_NAME = AccentColor;
				CODE_SIGN_STYLE = Automatic;
				CURRENT_PROJECT_VERSION = 1;
				GENERATE_INFOPLIST_FILE = YES;
				INFOPLIST_FILE = Notely/Info.plist;
				INFOPLIST_KEY_UIApplicationSupportsIndirectInputEvents = YES;
				INFOPLIST_KEY_UILaunchStoryboardName = LaunchScreen;
				INFOPLIST_KEY_UIMainStoryboardFile = Main;
				INFOPLIST_KEY_UISupportedInterfaceOrientations_iPad = "UIInterfaceOrientationPortrait UIInterfaceOrientationPortraitUpsideDown UIInterfaceOrientationLandscapeLeft UIInterfaceOrientationLandscapeRight";
				INFOPLIST_KEY_UISupportedInterfaceOrientations_iPhone = "UIInterfaceOrientationPortrait UIInterfaceOrientationLandscapeLeft UIInterfaceOrientationLandscapeRight";
				LD_RUNPATH_SEARCH_PATHS = (
					"$(inherited)",
					"@executable_path/Frameworks",
				);
				MARKETING_VERSION = 1.0;
				PRODUCT_BUNDLE_IDENTIFIER = "Winnie-The-Pooh.Notely";
				PRODUCT_NAME = "$(TARGET_NAME)";
				SWIFT_EMIT_LOC_STRINGS = YES;
				SWIFT_VERSION = 5.0;
				TARGETED_DEVICE_FAMILY = "1,2";
			};
			name = Debug;
		};
		DAE0E1CE297E9B200018149E /* Release */ = {
			isa = XCBuildConfiguration;
			buildSettings = {
				ASSETCATALOG_COMPILER_APPICON_NAME = AppIcon;
				ASSETCATALOG_COMPILER_GLOBAL_ACCENT_COLOR_NAME = AccentColor;
				CODE_SIGN_STYLE = Automatic;
				CURRENT_PROJECT_VERSION = 1;
				GENERATE_INFOPLIST_FILE = YES;
				INFOPLIST_FILE = Notely/Info.plist;
				INFOPLIST_KEY_UIApplicationSupportsIndirectInputEvents = YES;
				INFOPLIST_KEY_UILaunchStoryboardName = LaunchScreen;
				INFOPLIST_KEY_UIMainStoryboardFile = Main;
				INFOPLIST_KEY_UISupportedInterfaceOrientations_iPad = "UIInterfaceOrientationPortrait UIInterfaceOrientationPortraitUpsideDown UIInterfaceOrientationLandscapeLeft UIInterfaceOrientationLandscapeRight";
				INFOPLIST_KEY_UISupportedInterfaceOrientations_iPhone = "UIInterfaceOrientationPortrait UIInterfaceOrientationLandscapeLeft UIInterfaceOrientationLandscapeRight";
				LD_RUNPATH_SEARCH_PATHS = (
					"$(inherited)",
					"@executable_path/Frameworks",
				);
				MARKETING_VERSION = 1.0;
				PRODUCT_BUNDLE_IDENTIFIER = "Winnie-The-Pooh.Notely";
				PRODUCT_NAME = "$(TARGET_NAME)";
				SWIFT_EMIT_LOC_STRINGS = YES;
				SWIFT_VERSION = 5.0;
				TARGETED_DEVICE_FAMILY = "1,2";
			};
			name = Release;
		};
		DAE0E1D0297E9B200018149E /* Debug */ = {
			isa = XCBuildConfiguration;
			buildSettings = {
				ALWAYS_EMBED_SWIFT_STANDARD_LIBRARIES = YES;
				BUNDLE_LOADER = "$(TEST_HOST)";
				CODE_SIGN_STYLE = Automatic;
				CURRENT_PROJECT_VERSION = 1;
				GENERATE_INFOPLIST_FILE = YES;
				IPHONEOS_DEPLOYMENT_TARGET = 16.2;
				MARKETING_VERSION = 1.0;
				PRODUCT_BUNDLE_IDENTIFIER = "Winnie-The-Pooh.NotelyTests";
				PRODUCT_NAME = "$(TARGET_NAME)";
				SWIFT_EMIT_LOC_STRINGS = NO;
				SWIFT_VERSION = 5.0;
				TARGETED_DEVICE_FAMILY = "1,2";
				TEST_HOST = "$(BUILT_PRODUCTS_DIR)/Notely.app/$(BUNDLE_EXECUTABLE_FOLDER_PATH)/Notely";
			};
			name = Debug;
		};
		DAE0E1D1297E9B200018149E /* Release */ = {
			isa = XCBuildConfiguration;
			buildSettings = {
				ALWAYS_EMBED_SWIFT_STANDARD_LIBRARIES = YES;
				BUNDLE_LOADER = "$(TEST_HOST)";
				CODE_SIGN_STYLE = Automatic;
				CURRENT_PROJECT_VERSION = 1;
				GENERATE_INFOPLIST_FILE = YES;
				IPHONEOS_DEPLOYMENT_TARGET = 16.2;
				MARKETING_VERSION = 1.0;
				PRODUCT_BUNDLE_IDENTIFIER = "Winnie-The-Pooh.NotelyTests";
				PRODUCT_NAME = "$(TARGET_NAME)";
				SWIFT_EMIT_LOC_STRINGS = NO;
				SWIFT_VERSION = 5.0;
				TARGETED_DEVICE_FAMILY = "1,2";
				TEST_HOST = "$(BUILT_PRODUCTS_DIR)/Notely.app/$(BUNDLE_EXECUTABLE_FOLDER_PATH)/Notely";
			};
			name = Release;
		};
		DAE0E1D3297E9B200018149E /* Debug */ = {
			isa = XCBuildConfiguration;
			buildSettings = {
				ALWAYS_EMBED_SWIFT_STANDARD_LIBRARIES = YES;
				CODE_SIGN_STYLE = Automatic;
				CURRENT_PROJECT_VERSION = 1;
				GENERATE_INFOPLIST_FILE = YES;
				MARKETING_VERSION = 1.0;
				PRODUCT_BUNDLE_IDENTIFIER = "Winnie-The-Pooh.NotelyUITests";
				PRODUCT_NAME = "$(TARGET_NAME)";
				SWIFT_EMIT_LOC_STRINGS = NO;
				SWIFT_VERSION = 5.0;
				TARGETED_DEVICE_FAMILY = "1,2";
				TEST_TARGET_NAME = Notely;
			};
			name = Debug;
		};
		DAE0E1D4297E9B200018149E /* Release */ = {
			isa = XCBuildConfiguration;
			buildSettings = {
				ALWAYS_EMBED_SWIFT_STANDARD_LIBRARIES = YES;
				CODE_SIGN_STYLE = Automatic;
				CURRENT_PROJECT_VERSION = 1;
				GENERATE_INFOPLIST_FILE = YES;
				MARKETING_VERSION = 1.0;
				PRODUCT_BUNDLE_IDENTIFIER = "Winnie-The-Pooh.NotelyUITests";
				PRODUCT_NAME = "$(TARGET_NAME)";
				SWIFT_EMIT_LOC_STRINGS = NO;
				SWIFT_VERSION = 5.0;
				TARGETED_DEVICE_FAMILY = "1,2";
				TEST_TARGET_NAME = Notely;
			};
			name = Release;
		};
/* End XCBuildConfiguration section */

/* Begin XCConfigurationList section */
		DAE0E19A297E9B1D0018149E /* Build configuration list for PBXProject "Notely" */ = {
			isa = XCConfigurationList;
			buildConfigurations = (
				DAE0E1CA297E9B200018149E /* Debug */,
				DAE0E1CB297E9B200018149E /* Release */,
			);
			defaultConfigurationIsVisible = 0;
			defaultConfigurationName = Release;
		};
		DAE0E1CC297E9B200018149E /* Build configuration list for PBXNativeTarget "Notely" */ = {
			isa = XCConfigurationList;
			buildConfigurations = (
				DAE0E1CD297E9B200018149E /* Debug */,
				DAE0E1CE297E9B200018149E /* Release */,
			);
			defaultConfigurationIsVisible = 0;
			defaultConfigurationName = Release;
		};
		DAE0E1CF297E9B200018149E /* Build configuration list for PBXNativeTarget "NotelyTests" */ = {
			isa = XCConfigurationList;
			buildConfigurations = (
				DAE0E1D0297E9B200018149E /* Debug */,
				DAE0E1D1297E9B200018149E /* Release */,
			);
			defaultConfigurationIsVisible = 0;
			defaultConfigurationName = Release;
		};
		DAE0E1D2297E9B200018149E /* Build configuration list for PBXNativeTarget "NotelyUITests" */ = {
			isa = XCConfigurationList;
			buildConfigurations = (
				DAE0E1D3297E9B200018149E /* Debug */,
				DAE0E1D4297E9B200018149E /* Release */,
			);
			defaultConfigurationIsVisible = 0;
			defaultConfigurationName = Release;
		};
/* End XCConfigurationList section */

/* Begin XCVersionGroup section */
		DAE0E1AB297E9B1D0018149E /* Notely.xcdatamodeld */ = {
			isa = XCVersionGroup;
			children = (
				DAE0E1AC297E9B1D0018149E /* Notely.xcdatamodel */,
			);
			currentVersion = DAE0E1AC297E9B1D0018149E /* Notely.xcdatamodel */;
			path = Notely.xcdatamodeld;
			sourceTree = "<group>";
			versionGroupType = wrapper.xcdatamodel;
		};
/* End XCVersionGroup section */
	};
	rootObject = DAE0E197297E9B1D0018149E /* Project object */;
}
